
Microsoft Visual Studio Solution File, Format Version 12.00
# Visual Studio 2013
VisualStudioVersion = 12.0.31101.0
MinimumVisualStudioVersion = 10.0.40219.1
Project("{FAE04EC0-301F-11D3-BF4B-00C04F79EFBC}") = "BizTalkComponents.PipelineComponents.XSLTransform", "XSLTransform\BizTalkComponents.PipelineComponents.XSLTransform.csproj", "{BF420889-20FD-46F2-A3A7-D1A1EACE90C6}"
EndProject
Project("{FAE04EC0-301F-11D3-BF4B-00C04F79EFBC}") = "BizTalkComponents.PipelineComponents.XSLTransform.Pipeline", "XSLTransform.Pipeline\BizTalkComponents.PipelineComponents.XSLTransform.Pipeline.btproj", "{DA8AE9CF-7ED1-40C6-8454-4E7103E3C88C}"
EndProject
Project("{FAE04EC0-301F-11D3-BF4B-00C04F79EFBC}") = "BizTalkComponents.PipelineComponents.XSLTransform.Schema", "XSLTransform.Schema\BizTalkComponents.PipelineComponents.XSLTransform.Schema.btproj", "{65F754C1-E44D-424F-9F3B-0DFE76EBC230}"
EndProject
Project("{FAE04EC0-301F-11D3-BF4B-00C04F79EFBC}") = "BizTalkComponents.PipelineComponents.XSLTransform.Map", "XSLTransform.Map\BizTalkComponents.PipelineComponents.XSLTransform.Map.btproj", "{84DD6CE3-AEB1-4B64-AC98-2A9DE0032ED9}"
EndProject
Project("{FAE04EC0-301F-11D3-BF4B-00C04F79EFBC}") = "BizTalkComponents.PipelineComponents.XSLTransform.Map2", "XSLTransform.Map2\BizTalkComponents.PipelineComponents.XSLTransform.Map2.btproj", "{2B23341D-8642-4A5E-96A9-3BC1A23E55D4}"
EndProject
Project("{FAE04EC0-301F-11D3-BF4B-00C04F79EFBC}") = "BizTalkComponents.PipelineComponents.XSLTransform.Schema2", "XSLTransform.Schema\XSLTransform.Schema2\BizTalkComponents.PipelineComponents.XSLTransform.Schema2.btproj", "{E593A956-F17F-4E79-BB49-0BFBEDDA0F64}"
EndProject
Project("{FAE04EC0-301F-11D3-BF4B-00C04F79EFBC}") = "SingleAssembly", "SingleAssembly\SingleAssembly.btproj", "{ED0C2EF1-48FF-4241-A70D-3B8B5FC789DA}"
EndProject
Global
	GlobalSection(SolutionConfigurationPlatforms) = preSolution
		Debug|Any CPU = Debug|Any CPU
		Release|Any CPU = Release|Any CPU
	EndGlobalSection
	GlobalSection(ProjectConfigurationPlatforms) = postSolution
		{BF420889-20FD-46F2-A3A7-D1A1EACE90C6}.Debug|Any CPU.ActiveCfg = Debug|Any CPU
		{BF420889-20FD-46F2-A3A7-D1A1EACE90C6}.Debug|Any CPU.Build.0 = Debug|Any CPU
		{BF420889-20FD-46F2-A3A7-D1A1EACE90C6}.Release|Any CPU.ActiveCfg = Release|Any CPU
		{BF420889-20FD-46F2-A3A7-D1A1EACE90C6}.Release|Any CPU.Build.0 = Release|Any CPU
		{DA8AE9CF-7ED1-40C6-8454-4E7103E3C88C}.Debug|Any CPU.ActiveCfg = Debug|Any CPU
		{DA8AE9CF-7ED1-40C6-8454-4E7103E3C88C}.Debug|Any CPU.Build.0 = Debug|Any CPU
		{DA8AE9CF-7ED1-40C6-8454-4E7103E3C88C}.Debug|Any CPU.Deploy.0 = Debug|Any CPU
		{DA8AE9CF-7ED1-40C6-8454-4E7103E3C88C}.Release|Any CPU.ActiveCfg = Release|Any CPU
		{DA8AE9CF-7ED1-40C6-8454-4E7103E3C88C}.Release|Any CPU.Build.0 = Release|Any CPU
		{DA8AE9CF-7ED1-40C6-8454-4E7103E3C88C}.Release|Any CPU.Deploy.0 = Release|Any CPU
		{65F754C1-E44D-424F-9F3B-0DFE76EBC230}.Debug|Any CPU.ActiveCfg = Debug|Any CPU
		{65F754C1-E44D-424F-9F3B-0DFE76EBC230}.Debug|Any CPU.Build.0 = Debug|Any CPU
		{65F754C1-E44D-424F-9F3B-0DFE76EBC230}.Debug|Any CPU.Deploy.0 = Debug|Any CPU
		{65F754C1-E44D-424F-9F3B-0DFE76EBC230}.Release|Any CPU.ActiveCfg = Release|Any CPU
		{65F754C1-E44D-424F-9F3B-0DFE76EBC230}.Release|Any CPU.Build.0 = Release|Any CPU
		{65F754C1-E44D-424F-9F3B-0DFE76EBC230}.Release|Any CPU.Deploy.0 = Release|Any CPU
		{84DD6CE3-AEB1-4B64-AC98-2A9DE0032ED9}.Debug|Any CPU.ActiveCfg = Debug|Any CPU
		{84DD6CE3-AEB1-4B64-AC98-2A9DE0032ED9}.Debug|Any CPU.Build.0 = Debug|Any CPU
		{84DD6CE3-AEB1-4B64-AC98-2A9DE0032ED9}.Debug|Any CPU.Deploy.0 = Debug|Any CPU
		{84DD6CE3-AEB1-4B64-AC98-2A9DE0032ED9}.Release|Any CPU.ActiveCfg = Release|Any CPU
		{84DD6CE3-AEB1-4B64-AC98-2A9DE0032ED9}.Release|Any CPU.Build.0 = Release|Any CPU
		{84DD6CE3-AEB1-4B64-AC98-2A9DE0032ED9}.Release|Any CPU.Deploy.0 = Release|Any CPU
		{2B23341D-8642-4A5E-96A9-3BC1A23E55D4}.Debug|Any CPU.ActiveCfg = Debug|Any CPU
		{2B23341D-8642-4A5E-96A9-3BC1A23E55D4}.Debug|Any CPU.Build.0 = Debug|Any CPU
		{2B23341D-8642-4A5E-96A9-3BC1A23E55D4}.Debug|Any CPU.Deploy.0 = Debug|Any CPU
		{2B23341D-8642-4A5E-96A9-3BC1A23E55D4}.Release|Any CPU.ActiveCfg = Release|Any CPU
		{2B23341D-8642-4A5E-96A9-3BC1A23E55D4}.Release|Any CPU.Build.0 = Release|Any CPU
		{2B23341D-8642-4A5E-96A9-3BC1A23E55D4}.Release|Any CPU.Deploy.0 = Release|Any CPU
		{E593A956-F17F-4E79-BB49-0BFBEDDA0F64}.Debug|Any CPU.ActiveCfg = Debug|Any CPU
		{E593A956-F17F-4E79-BB49-0BFBEDDA0F64}.Debug|Any CPU.Build.0 = Debug|Any CPU
		{E593A956-F17F-4E79-BB49-0BFBEDDA0F64}.Debug|Any CPU.Deploy.0 = Debug|Any CPU
		{E593A956-F17F-4E79-BB49-0BFBEDDA0F64}.Release|Any CPU.ActiveCfg = Release|Any CPU
		{E593A956-F17F-4E79-BB49-0BFBEDDA0F64}.Release|Any CPU.Build.0 = Release|Any CPU
		{E593A956-F17F-4E79-BB49-0BFBEDDA0F64}.Release|Any CPU.Deploy.0 = Release|Any CPU
		{ED0C2EF1-48FF-4241-A70D-3B8B5FC789DA}.Debug|Any CPU.ActiveCfg = Debug|Any CPU
		{ED0C2EF1-48FF-4241-A70D-3B8B5FC789DA}.Debug|Any CPU.Build.0 = Debug|Any CPU
		{ED0C2EF1-48FF-4241-A70D-3B8B5FC789DA}.Debug|Any CPU.Deploy.0 = Debug|Any CPU
		{ED0C2EF1-48FF-4241-A70D-3B8B5FC789DA}.Release|Any CPU.ActiveCfg = Release|Any CPU
		{ED0C2EF1-48FF-4241-A70D-3B8B5FC789DA}.Release|Any CPU.Build.0 = Release|Any CPU
		{ED0C2EF1-48FF-4241-A70D-3B8B5FC789DA}.Release|Any CPU.Deploy.0 = Release|Any CPU
	EndGlobalSection
	GlobalSection(SolutionProperties) = preSolution
		HideSolutionNode = FALSE
	EndGlobalSection
EndGlobal
