
Microsoft Visual Studio Solution File, Format Version 12.00
# Visual Studio 2013
VisualStudioVersion = 12.0.31101.0
MinimumVisualStudioVersion = 10.0.40219.1
Project("{FAE04EC0-301F-11D3-BF4B-00C04F79EFBC}") = "BizTalkComponents.PipelineComponents.XSLTransform", "XSLTransform\BizTalkComponents.PipelineComponents.XSLTransform.csproj", "{BF420889-20FD-46F2-A3A7-D1A1EACE90C6}"
EndProject
Project("{FAE04EC0-301F-11D3-BF4B-00C04F79EFBC}") = "BizTalkComponents.PipelineComponents.XSLTransform.Pipeline", "XSLTransform.Pipeline\BizTalkComponents.PipelineComponents.XSLTransform.Pipeline.btproj", "{DA8AE9CF-7ED1-40C6-8454-4E7103E3C88C}"
EndProject
Project("{FAE04EC0-301F-11D3-BF4B-00C04F79EFBC}") = "BizTalkComponents.PipelineComponents.XSLTransform.Schema", "XSLTransform.Schema\BizTalkComponents.PipelineComponents.XSLTransform.Schema.btproj", "{65F754C1-E44D-424F-9F3B-0DFE76EBC230}"
EndProject
Project("{FAE04EC0-301F-11D3-BF4B-00C04F79EFBC}") = "BizTalkComponents.PipelineComponents.XSLTransform.Map", "XSLTransform.Map\BizTalkComponents.PipelineComponents.XSLTransform.Map.btproj", "{84DD6CE3-AEB1-4B64-AC98-2A9DE0032ED9}"
EndProject
Project("{FAE04EC0-301F-11D3-BF4B-00C04F79EFBC}") = "BizTalkComponents.PipelineComponents.XMLMLDisassembler", "XSLMultiPartTransform\BizTalkComponents.PipelineComponents.XMLMLDisassembler.csproj", "{A18C679C-4B48-41C2-9113-B2D5D5B6CF5C}"
EndProject
Project("{FAE04EC0-301F-11D3-BF4B-00C04F79EFBC}") = "BizTalkComponents.PipelineComponents.XMLMLDisassemblerPipeline", "XMLMLDisassemblerPipeline\BizTalkComponents.PipelineComponents.XMLMLDisassemblerPipeline.btproj", "{14DC855C-EA19-47DE-A3E4-9A832430DC86}"
EndProject
Project("{FAE04EC0-301F-11D3-BF4B-00C04F79EFBC}") = "BizTalkComponents.PipelineComponents.XMLMLDisassembler.Schemas", "XMLMLDisassemblerSchemas\BizTalkComponents.PipelineComponents.XMLMLDisassembler.Schemas.btproj", "{D0AC3CE1-65BD-46A2-89C1-045485263738}"
EndProject
Project("{FAE04EC0-301F-11D3-BF4B-00C04F79EFBC}") = "BizTalkComponents.PipelineComponents.XMLENDisassembler", "XMLENDisassembler\BizTalkComponents.PipelineComponents.XMLENDisassembler.csproj", "{186A69AF-BEED-46ED-BBAC-EE822E9144A2}"
EndProject
Project("{FAE04EC0-301F-11D3-BF4B-00C04F79EFBC}") = "BizTalkComponents.PipelineComponents.XMLENDisassemblerPipeline", "XMLNEDisassemblerPipeline\BizTalkComponents.PipelineComponents.XMLENDisassemblerPipeline.btproj", "{F873A6C6-A0F5-47CF-B131-0A1E1A4AD1D0}"
EndProject
Project("{FAE04EC0-301F-11D3-BF4B-00C04F79EFBC}") = "BizTalkComponents.PipelineComponents.XMLENDisassembler.Schemas", "XMLENDisassembler.Schemas\BizTalkComponents.PipelineComponents.XMLENDisassembler.Schemas.btproj", "{A56D9A7B-6270-4B8F-9B39-87702A8E5B0B}"
EndProject
Global
	GlobalSection(SolutionConfigurationPlatforms) = preSolution
		Debug|Any CPU = Debug|Any CPU
		Release|Any CPU = Release|Any CPU
	EndGlobalSection
	GlobalSection(ProjectConfigurationPlatforms) = postSolution
		{BF420889-20FD-46F2-A3A7-D1A1EACE90C6}.Debug|Any CPU.ActiveCfg = Debug|Any CPU
		{BF420889-20FD-46F2-A3A7-D1A1EACE90C6}.Debug|Any CPU.Build.0 = Debug|Any CPU
		{BF420889-20FD-46F2-A3A7-D1A1EACE90C6}.Release|Any CPU.ActiveCfg = Release|Any CPU
		{BF420889-20FD-46F2-A3A7-D1A1EACE90C6}.Release|Any CPU.Build.0 = Release|Any CPU
		{DA8AE9CF-7ED1-40C6-8454-4E7103E3C88C}.Debug|Any CPU.ActiveCfg = Debug|Any CPU
		{DA8AE9CF-7ED1-40C6-8454-4E7103E3C88C}.Debug|Any CPU.Build.0 = Debug|Any CPU
		{DA8AE9CF-7ED1-40C6-8454-4E7103E3C88C}.Debug|Any CPU.Deploy.0 = Debug|Any CPU
		{DA8AE9CF-7ED1-40C6-8454-4E7103E3C88C}.Release|Any CPU.ActiveCfg = Release|Any CPU
		{DA8AE9CF-7ED1-40C6-8454-4E7103E3C88C}.Release|Any CPU.Build.0 = Release|Any CPU
		{DA8AE9CF-7ED1-40C6-8454-4E7103E3C88C}.Release|Any CPU.Deploy.0 = Release|Any CPU
		{65F754C1-E44D-424F-9F3B-0DFE76EBC230}.Debug|Any CPU.ActiveCfg = Debug|Any CPU
		{65F754C1-E44D-424F-9F3B-0DFE76EBC230}.Debug|Any CPU.Build.0 = Debug|Any CPU
		{65F754C1-E44D-424F-9F3B-0DFE76EBC230}.Debug|Any CPU.Deploy.0 = Debug|Any CPU
		{65F754C1-E44D-424F-9F3B-0DFE76EBC230}.Release|Any CPU.ActiveCfg = Release|Any CPU
		{65F754C1-E44D-424F-9F3B-0DFE76EBC230}.Release|Any CPU.Build.0 = Release|Any CPU
		{65F754C1-E44D-424F-9F3B-0DFE76EBC230}.Release|Any CPU.Deploy.0 = Release|Any CPU
		{84DD6CE3-AEB1-4B64-AC98-2A9DE0032ED9}.Debug|Any CPU.ActiveCfg = Debug|Any CPU
		{84DD6CE3-AEB1-4B64-AC98-2A9DE0032ED9}.Debug|Any CPU.Build.0 = Debug|Any CPU
		{84DD6CE3-AEB1-4B64-AC98-2A9DE0032ED9}.Debug|Any CPU.Deploy.0 = Debug|Any CPU
		{84DD6CE3-AEB1-4B64-AC98-2A9DE0032ED9}.Release|Any CPU.ActiveCfg = Release|Any CPU
		{84DD6CE3-AEB1-4B64-AC98-2A9DE0032ED9}.Release|Any CPU.Build.0 = Release|Any CPU
		{84DD6CE3-AEB1-4B64-AC98-2A9DE0032ED9}.Release|Any CPU.Deploy.0 = Release|Any CPU
		{A18C679C-4B48-41C2-9113-B2D5D5B6CF5C}.Debug|Any CPU.ActiveCfg = Debug|Any CPU
		{A18C679C-4B48-41C2-9113-B2D5D5B6CF5C}.Debug|Any CPU.Build.0 = Debug|Any CPU
		{A18C679C-4B48-41C2-9113-B2D5D5B6CF5C}.Release|Any CPU.ActiveCfg = Release|Any CPU
		{A18C679C-4B48-41C2-9113-B2D5D5B6CF5C}.Release|Any CPU.Build.0 = Release|Any CPU
		{14DC855C-EA19-47DE-A3E4-9A832430DC86}.Debug|Any CPU.ActiveCfg = Debug|Any CPU
		{14DC855C-EA19-47DE-A3E4-9A832430DC86}.Debug|Any CPU.Build.0 = Debug|Any CPU
		{14DC855C-EA19-47DE-A3E4-9A832430DC86}.Debug|Any CPU.Deploy.0 = Debug|Any CPU
		{14DC855C-EA19-47DE-A3E4-9A832430DC86}.Release|Any CPU.ActiveCfg = Release|Any CPU
		{14DC855C-EA19-47DE-A3E4-9A832430DC86}.Release|Any CPU.Build.0 = Release|Any CPU
		{14DC855C-EA19-47DE-A3E4-9A832430DC86}.Release|Any CPU.Deploy.0 = Release|Any CPU
		{D0AC3CE1-65BD-46A2-89C1-045485263738}.Debug|Any CPU.ActiveCfg = Debug|Any CPU
		{D0AC3CE1-65BD-46A2-89C1-045485263738}.Debug|Any CPU.Build.0 = Debug|Any CPU
		{D0AC3CE1-65BD-46A2-89C1-045485263738}.Debug|Any CPU.Deploy.0 = Debug|Any CPU
		{D0AC3CE1-65BD-46A2-89C1-045485263738}.Release|Any CPU.ActiveCfg = Release|Any CPU
		{D0AC3CE1-65BD-46A2-89C1-045485263738}.Release|Any CPU.Build.0 = Release|Any CPU
		{D0AC3CE1-65BD-46A2-89C1-045485263738}.Release|Any CPU.Deploy.0 = Release|Any CPU
		{186A69AF-BEED-46ED-BBAC-EE822E9144A2}.Debug|Any CPU.ActiveCfg = Debug|Any CPU
		{186A69AF-BEED-46ED-BBAC-EE822E9144A2}.Debug|Any CPU.Build.0 = Debug|Any CPU
		{186A69AF-BEED-46ED-BBAC-EE822E9144A2}.Release|Any CPU.ActiveCfg = Release|Any CPU
		{186A69AF-BEED-46ED-BBAC-EE822E9144A2}.Release|Any CPU.Build.0 = Release|Any CPU
		{F873A6C6-A0F5-47CF-B131-0A1E1A4AD1D0}.Debug|Any CPU.ActiveCfg = Debug|Any CPU
		{F873A6C6-A0F5-47CF-B131-0A1E1A4AD1D0}.Debug|Any CPU.Build.0 = Debug|Any CPU
		{F873A6C6-A0F5-47CF-B131-0A1E1A4AD1D0}.Debug|Any CPU.Deploy.0 = Debug|Any CPU
		{F873A6C6-A0F5-47CF-B131-0A1E1A4AD1D0}.Release|Any CPU.ActiveCfg = Release|Any CPU
		{F873A6C6-A0F5-47CF-B131-0A1E1A4AD1D0}.Release|Any CPU.Build.0 = Release|Any CPU
		{F873A6C6-A0F5-47CF-B131-0A1E1A4AD1D0}.Release|Any CPU.Deploy.0 = Release|Any CPU
		{A56D9A7B-6270-4B8F-9B39-87702A8E5B0B}.Debug|Any CPU.ActiveCfg = Debug|Any CPU
		{A56D9A7B-6270-4B8F-9B39-87702A8E5B0B}.Debug|Any CPU.Build.0 = Debug|Any CPU
		{A56D9A7B-6270-4B8F-9B39-87702A8E5B0B}.Debug|Any CPU.Deploy.0 = Debug|Any CPU
		{A56D9A7B-6270-4B8F-9B39-87702A8E5B0B}.Release|Any CPU.ActiveCfg = Release|Any CPU
		{A56D9A7B-6270-4B8F-9B39-87702A8E5B0B}.Release|Any CPU.Build.0 = Release|Any CPU
		{A56D9A7B-6270-4B8F-9B39-87702A8E5B0B}.Release|Any CPU.Deploy.0 = Release|Any CPU
	EndGlobalSection
	GlobalSection(SolutionProperties) = preSolution
		HideSolutionNode = FALSE
	EndGlobalSection
EndGlobal
